
Microsoft Visual Studio Solution File, Format Version 12.00
# Visual Studio Version 16
VisualStudioVersion = 16.0.31005.135
MinimumVisualStudioVersion = 10.0.40219.1
Project("{FAE04EC0-301F-11D3-BF4B-00C04F79EFBC}") = "VillaOy", "VillaOy\VillaOy.csproj", "{FF777439-9431-489C-AC00-3FA4537E84D8}"
EndProject
Global
	GlobalSection(SolutionConfigurationPlatforms) = preSolution
		Debug|Any CPU = Debug|Any CPU
		Release|Any CPU = Release|Any CPU
	EndGlobalSection
	GlobalSection(ProjectConfigurationPlatforms) = postSolution
		{FF777439-9431-489C-AC00-3FA4537E84D8}.Debug|Any CPU.ActiveCfg = Debug|Any CPU
		{FF777439-9431-489C-AC00-3FA4537E84D8}.Debug|Any CPU.Build.0 = Debug|Any CPU
		{FF777439-9431-489C-AC00-3FA4537E84D8}.Release|Any CPU.ActiveCfg = Release|Any CPU
		{FF777439-9431-489C-AC00-3FA4537E84D8}.Release|Any CPU.Build.0 = Release|Any CPU
	EndGlobalSection
	GlobalSection(SolutionProperties) = preSolution
		HideSolutionNode = FALSE
	EndGlobalSection
	GlobalSection(ExtensibilityGlobals) = postSolution
		SolutionGuid = {F7D5DE37-370B-4909-ACA2-27D792BB3714}
	EndGlobalSection
EndGlobal
